
Microsoft Visual Studio Solution File, Format Version 12.00
# Visual Studio 14
VisualStudioVersion = 14.0.25420.1
MinimumVisualStudioVersion = 10.0.40219.1
Project("{FAE04EC0-301F-11D3-BF4B-00C04F79EFBC}") = "BuyalotWebShoppingApp", "BuyalotWebShoppingApp\BuyalotWebShoppingApp.csproj", "{D30E2FB7-2BEE-4FAA-9198-B46C60546997}"
EndProject
Project("{FAE04EC0-301F-11D3-BF4B-00C04F79EFBC}") = "BuyalotWebShoppingApp.Tests", "BuyalotWebShoppingApp.Tests\BuyalotWebShoppingApp.Tests.csproj", "{659B5B6E-4574-4F77-A752-10F1251692E3}"
EndProject
Global
	GlobalSection(SolutionConfigurationPlatforms) = preSolution
		Debug|Any CPU = Debug|Any CPU
		Release|Any CPU = Release|Any CPU
	EndGlobalSection
	GlobalSection(ProjectConfigurationPlatforms) = postSolution
		{D30E2FB7-2BEE-4FAA-9198-B46C60546997}.Debug|Any CPU.ActiveCfg = Debug|Any CPU
		{D30E2FB7-2BEE-4FAA-9198-B46C60546997}.Debug|Any CPU.Build.0 = Debug|Any CPU
		{D30E2FB7-2BEE-4FAA-9198-B46C60546997}.Release|Any CPU.ActiveCfg = Release|Any CPU
		{D30E2FB7-2BEE-4FAA-9198-B46C60546997}.Release|Any CPU.Build.0 = Release|Any CPU
		{659B5B6E-4574-4F77-A752-10F1251692E3}.Debug|Any CPU.ActiveCfg = Debug|Any CPU
		{659B5B6E-4574-4F77-A752-10F1251692E3}.Debug|Any CPU.Build.0 = Debug|Any CPU
		{659B5B6E-4574-4F77-A752-10F1251692E3}.Release|Any CPU.ActiveCfg = Release|Any CPU
		{659B5B6E-4574-4F77-A752-10F1251692E3}.Release|Any CPU.Build.0 = Release|Any CPU
	EndGlobalSection
	GlobalSection(SolutionProperties) = preSolution
		HideSolutionNode = FALSE
	EndGlobalSection
EndGlobal
